
Microsoft Visual Studio Solution File, Format Version 12.00
# Visual Studio Version 17
VisualStudioVersion = 17.5.33530.505
MinimumVisualStudioVersion = 10.0.40219.1
Project("{FAE04EC0-301F-11D3-BF4B-00C04F79EFBC}") = "AllocationLibrary", "AllocationLibrary\AllocationLibrary.csproj", "{D63C6B8B-23A5-447D-A73D-05CD2AD30016}"
EndProject
Project("{FAE04EC0-301F-11D3-BF4B-00C04F79EFBC}") = "Footlocker.Logistics.Allocation", "Footlocker.Logistics.Allocation\Footlocker.Logistics.Allocation.csproj", "{E2F50E2F-9AAA-4EC8-9E25-676504C0A820}"
EndProject
Project("{FAE04EC0-301F-11D3-BF4B-00C04F79EFBC}") = "UnitTests", "UnitTests\UnitTests.csproj", "{3325DFE7-386B-4D74-AFDA-25893C70F531}"
EndProject
Global
	GlobalSection(SolutionConfigurationPlatforms) = preSolution
		Debug|Any CPU = Debug|Any CPU
		Release|Any CPU = Release|Any CPU
	EndGlobalSection
	GlobalSection(ProjectConfigurationPlatforms) = postSolution
		{D63C6B8B-23A5-447D-A73D-05CD2AD30016}.Debug|Any CPU.ActiveCfg = Debug|Any CPU
		{D63C6B8B-23A5-447D-A73D-05CD2AD30016}.Debug|Any CPU.Build.0 = Debug|Any CPU
		{D63C6B8B-23A5-447D-A73D-05CD2AD30016}.Release|Any CPU.ActiveCfg = Release|Any CPU
		{D63C6B8B-23A5-447D-A73D-05CD2AD30016}.Release|Any CPU.Build.0 = Release|Any CPU
		{E2F50E2F-9AAA-4EC8-9E25-676504C0A820}.Debug|Any CPU.ActiveCfg = Debug|Any CPU
		{E2F50E2F-9AAA-4EC8-9E25-676504C0A820}.Debug|Any CPU.Build.0 = Debug|Any CPU
		{E2F50E2F-9AAA-4EC8-9E25-676504C0A820}.Release|Any CPU.ActiveCfg = Release|Any CPU
		{E2F50E2F-9AAA-4EC8-9E25-676504C0A820}.Release|Any CPU.Build.0 = Release|Any CPU
		{3325DFE7-386B-4D74-AFDA-25893C70F531}.Debug|Any CPU.ActiveCfg = Debug|Any CPU
		{3325DFE7-386B-4D74-AFDA-25893C70F531}.Debug|Any CPU.Build.0 = Debug|Any CPU
		{3325DFE7-386B-4D74-AFDA-25893C70F531}.Release|Any CPU.ActiveCfg = Release|Any CPU
		{3325DFE7-386B-4D74-AFDA-25893C70F531}.Release|Any CPU.Build.0 = Release|Any CPU
	EndGlobalSection
	GlobalSection(SolutionProperties) = preSolution
		HideSolutionNode = FALSE
	EndGlobalSection
	GlobalSection(ExtensibilityGlobals) = postSolution
		SolutionGuid = {2E6A8B06-3ADB-4F83-8FC4-0226F3ACF8E4}
		EnterpriseLibraryConfigurationToolBinariesPath = packages\Unity.2.1.505.0\lib\NET35;packages\Unity.Interception.2.1.505.0\lib\NET35;packages\EnterpriseLibrary.Common.5.0.505.0\lib\NET35;packages\EnterpriseLibrary.Data.5.0.505.0\lib\NET35
	EndGlobalSection
	GlobalSection(TeamFoundationVersionControl) = preSolution
		SccNumberOfProjects = 4
		SccEnterpriseProvider = {4CA58AB2-18FA-4F8D-95D4-32DDF27D184C}
		SccTeamFoundationServer = http://mlwweb05:8080/tfs/defaultcollection
		SccLocalPath0 = .
		SccProjectUniqueName1 = AllocationLibrary\\AllocationLibrary.csproj
		SccProjectName1 = AllocationLibrary
		SccLocalPath1 = AllocationLibrary
		SccProjectUniqueName2 = Footlocker.Logistics.Allocation\\Footlocker.Logistics.Allocation.csproj
		SccProjectName2 = Footlocker.Logistics.Allocation
		SccLocalPath2 = Footlocker.Logistics.Allocation
		SccProjectUniqueName3 = UnitTests\\UnitTests.csproj
		SccProjectName3 = UnitTests
		SccLocalPath3 = UnitTests
	EndGlobalSection
EndGlobal
